
Microsoft Visual Studio Solution File, Format Version 12.00
Project("{FAE04EC0-301F-11D3-BF4B-00C04F79EFBC}") = "Trucks.Api", "Trucks.Api\Trucks.Api.csproj", "{7BA9A25F-5AFC-4B2A-9B25-47B08026539E}"
EndProject
Project("{FAE04EC0-301F-11D3-BF4B-00C04F79EFBC}") = "Trucks.Application", "Trucks.Application\Trucks.Application.csproj", "{9DD05426-19BF-4479-974E-E8826E2BAF61}"
EndProject
Project("{FAE04EC0-301F-11D3-BF4B-00C04F79EFBC}") = "Trucks.Contracts", "Trucks.Contracts\Trucks.Contracts.csproj", "{4D21148C-7553-463E-8284-CF5959A9705A}"
EndProject
Global
	GlobalSection(SolutionConfigurationPlatforms) = preSolution
		Debug|Any CPU = Debug|Any CPU
		Release|Any CPU = Release|Any CPU
	EndGlobalSection
	GlobalSection(ProjectConfigurationPlatforms) = postSolution
		{7BA9A25F-5AFC-4B2A-9B25-47B08026539E}.Debug|Any CPU.ActiveCfg = Debug|Any CPU
		{7BA9A25F-5AFC-4B2A-9B25-47B08026539E}.Debug|Any CPU.Build.0 = Debug|Any CPU
		{7BA9A25F-5AFC-4B2A-9B25-47B08026539E}.Release|Any CPU.ActiveCfg = Release|Any CPU
		{7BA9A25F-5AFC-4B2A-9B25-47B08026539E}.Release|Any CPU.Build.0 = Release|Any CPU
		{9DD05426-19BF-4479-974E-E8826E2BAF61}.Debug|Any CPU.ActiveCfg = Debug|Any CPU
		{9DD05426-19BF-4479-974E-E8826E2BAF61}.Debug|Any CPU.Build.0 = Debug|Any CPU
		{9DD05426-19BF-4479-974E-E8826E2BAF61}.Release|Any CPU.ActiveCfg = Release|Any CPU
		{9DD05426-19BF-4479-974E-E8826E2BAF61}.Release|Any CPU.Build.0 = Release|Any CPU
		{4D21148C-7553-463E-8284-CF5959A9705A}.Debug|Any CPU.ActiveCfg = Debug|Any CPU
		{4D21148C-7553-463E-8284-CF5959A9705A}.Debug|Any CPU.Build.0 = Debug|Any CPU
		{4D21148C-7553-463E-8284-CF5959A9705A}.Release|Any CPU.ActiveCfg = Release|Any CPU
		{4D21148C-7553-463E-8284-CF5959A9705A}.Release|Any CPU.Build.0 = Release|Any CPU
	EndGlobalSection
EndGlobal
